
Microsoft Visual Studio Solution File, Format Version 12.00
# Visual Studio Version 17
VisualStudioVersion = 17.0.0.0
MinimumVisualStudioVersion = 10.0.40219.1
Project("{2150E333-8FDC-42A3-9474-1A3956D46DE8}") = "apps", "apps", "{1A1A0000-0000-0000-0000-000000000001}"
EndProject
Project("{2150E333-8FDC-42A3-9474-1A3956D46DE8}") = "packages", "packages", "{1B1B0000-0000-0000-0000-000000000001}"
EndProject
Project("{9A19103F-16F7-4668-BE54-9A1E7A4F7556}") = "Aireq.Api", "apps\api\Aireq.Api\Aireq.Api.csproj", "{AA000000-0000-0000-0000-000000000001}"
EndProject
Project("{9A19103F-16F7-4668-BE54-9A1E7A4F7556}") = "Aireq.Worker", "apps\worker\Aireq.Worker\Aireq.Worker.csproj", "{AA000000-0000-0000-0000-000000000002}"
EndProject
Project("{9A19103F-16F7-4668-BE54-9A1E7A4F7556}") = "Aireq.Shared", "packages\shared\Aireq.Shared\Aireq.Shared.csproj", "{AA000000-0000-0000-0000-000000000003}"
EndProject
Project("{2150E333-8FDC-42A3-9474-1A3956D46DE8}") = "tests", "tests", "{0AB3BF05-4346-4AA6-1389-037BE0695223}"
EndProject
Project("{FAE04EC0-301F-11D3-BF4B-00C04F79EFBC}") = "Aireq.Api.Tests", "tests\Aireq.Api.Tests\Aireq.Api.Tests.csproj", "{8877134F-A672-4669-BD1F-C7D82D90042D}"
EndProject
Project("{2150E333-8FDC-42A3-9474-1A3956D46DE8}") = "api", "api", "{B034E087-0A35-A6DC-0EA2-481DCBF43FB4}"
EndProject
Project("{2150E333-8FDC-42A3-9474-1A3956D46DE8}") = "shared", "shared", "{8D0B45FA-1D77-211D-16EC-23A025C21EB5}"
EndProject
Global
	GlobalSection(SolutionConfigurationPlatforms) = preSolution
		Debug|Any CPU = Debug|Any CPU
		Debug|x64 = Debug|x64
		Debug|x86 = Debug|x86
		Release|Any CPU = Release|Any CPU
		Release|x64 = Release|x64
		Release|x86 = Release|x86
	EndGlobalSection
	GlobalSection(ProjectConfigurationPlatforms) = postSolution
		{AA000000-0000-0000-0000-000000000001}.Debug|Any CPU.ActiveCfg = Debug|Any CPU
		{AA000000-0000-0000-0000-000000000001}.Debug|Any CPU.Build.0 = Debug|Any CPU
		{AA000000-0000-0000-0000-000000000001}.Debug|x64.ActiveCfg = Debug|Any CPU
		{AA000000-0000-0000-0000-000000000001}.Debug|x64.Build.0 = Debug|Any CPU
		{AA000000-0000-0000-0000-000000000001}.Debug|x86.ActiveCfg = Debug|Any CPU
		{AA000000-0000-0000-0000-000000000001}.Debug|x86.Build.0 = Debug|Any CPU
		{AA000000-0000-0000-0000-000000000001}.Release|Any CPU.ActiveCfg = Release|Any CPU
		{AA000000-0000-0000-0000-000000000001}.Release|Any CPU.Build.0 = Release|Any CPU
		{AA000000-0000-0000-0000-000000000001}.Release|x64.ActiveCfg = Release|Any CPU
		{AA000000-0000-0000-0000-000000000001}.Release|x64.Build.0 = Release|Any CPU
		{AA000000-0000-0000-0000-000000000001}.Release|x86.ActiveCfg = Release|Any CPU
		{AA000000-0000-0000-0000-000000000001}.Release|x86.Build.0 = Release|Any CPU
		{AA000000-0000-0000-0000-000000000002}.Debug|Any CPU.ActiveCfg = Debug|Any CPU
		{AA000000-0000-0000-0000-000000000002}.Debug|Any CPU.Build.0 = Debug|Any CPU
		{AA000000-0000-0000-0000-000000000002}.Debug|x64.ActiveCfg = Debug|Any CPU
		{AA000000-0000-0000-0000-000000000002}.Debug|x64.Build.0 = Debug|Any CPU
		{AA000000-0000-0000-0000-000000000002}.Debug|x86.ActiveCfg = Debug|Any CPU
		{AA000000-0000-0000-0000-000000000002}.Debug|x86.Build.0 = Debug|Any CPU
		{AA000000-0000-0000-0000-000000000002}.Release|Any CPU.ActiveCfg = Release|Any CPU
		{AA000000-0000-0000-0000-000000000002}.Release|Any CPU.Build.0 = Release|Any CPU
		{AA000000-0000-0000-0000-000000000002}.Release|x64.ActiveCfg = Release|Any CPU
		{AA000000-0000-0000-0000-000000000002}.Release|x64.Build.0 = Release|Any CPU
		{AA000000-0000-0000-0000-000000000002}.Release|x86.ActiveCfg = Release|Any CPU
		{AA000000-0000-0000-0000-000000000002}.Release|x86.Build.0 = Release|Any CPU
		{AA000000-0000-0000-0000-000000000003}.Debug|Any CPU.ActiveCfg = Debug|Any CPU
		{AA000000-0000-0000-0000-000000000003}.Debug|Any CPU.Build.0 = Debug|Any CPU
		{AA000000-0000-0000-0000-000000000003}.Debug|x64.ActiveCfg = Debug|Any CPU
		{AA000000-0000-0000-0000-000000000003}.Debug|x64.Build.0 = Debug|Any CPU
		{AA000000-0000-0000-0000-000000000003}.Debug|x86.ActiveCfg = Debug|Any CPU
		{AA000000-0000-0000-0000-000000000003}.Debug|x86.Build.0 = Debug|Any CPU
		{AA000000-0000-0000-0000-000000000003}.Release|Any CPU.ActiveCfg = Release|Any CPU
		{AA000000-0000-0000-0000-000000000003}.Release|Any CPU.Build.0 = Release|Any CPU
		{AA000000-0000-0000-0000-000000000003}.Release|x64.ActiveCfg = Release|Any CPU
		{AA000000-0000-0000-0000-000000000003}.Release|x64.Build.0 = Release|Any CPU
		{AA000000-0000-0000-0000-000000000003}.Release|x86.ActiveCfg = Release|Any CPU
		{AA000000-0000-0000-0000-000000000003}.Release|x86.Build.0 = Release|Any CPU
		{8877134F-A672-4669-BD1F-C7D82D90042D}.Debug|Any CPU.ActiveCfg = Debug|Any CPU
		{8877134F-A672-4669-BD1F-C7D82D90042D}.Debug|Any CPU.Build.0 = Debug|Any CPU
		{8877134F-A672-4669-BD1F-C7D82D90042D}.Debug|x64.ActiveCfg = Debug|Any CPU
		{8877134F-A672-4669-BD1F-C7D82D90042D}.Debug|x64.Build.0 = Debug|Any CPU
		{8877134F-A672-4669-BD1F-C7D82D90042D}.Debug|x86.ActiveCfg = Debug|Any CPU
		{8877134F-A672-4669-BD1F-C7D82D90042D}.Debug|x86.Build.0 = Debug|Any CPU
		{8877134F-A672-4669-BD1F-C7D82D90042D}.Release|Any CPU.ActiveCfg = Release|Any CPU
		{8877134F-A672-4669-BD1F-C7D82D90042D}.Release|Any CPU.Build.0 = Release|Any CPU
		{8877134F-A672-4669-BD1F-C7D82D90042D}.Release|x64.ActiveCfg = Release|Any CPU
		{8877134F-A672-4669-BD1F-C7D82D90042D}.Release|x64.Build.0 = Release|Any CPU
		{8877134F-A672-4669-BD1F-C7D82D90042D}.Release|x86.ActiveCfg = Release|Any CPU
		{8877134F-A672-4669-BD1F-C7D82D90042D}.Release|x86.Build.0 = Release|Any CPU
	EndGlobalSection
	GlobalSection(SolutionProperties) = preSolution
		HideSolutionNode = FALSE
	EndGlobalSection
	GlobalSection(NestedProjects) = preSolution
		{AA000000-0000-0000-0000-000000000001} = {1A1A0000-0000-0000-0000-000000000001}
		{AA000000-0000-0000-0000-000000000002} = {1A1A0000-0000-0000-0000-000000000001}
		{AA000000-0000-0000-0000-000000000003} = {1B1B0000-0000-0000-0000-000000000001}
		{8877134F-A672-4669-BD1F-C7D82D90042D} = {0AB3BF05-4346-4AA6-1389-037BE0695223}
		{B034E087-0A35-A6DC-0EA2-481DCBF43FB4} = {1A1A0000-0000-0000-0000-000000000001}
		{8D0B45FA-1D77-211D-16EC-23A025C21EB5} = {1B1B0000-0000-0000-0000-000000000001}
	EndGlobalSection
EndGlobal
